// !$*UTF8*$!
{
	archiveVersion = 1;
	classes = {
	};
	objectVersion = 56;
	objects = {

/* Begin PBXBuildFile section */
		51F74463882F965AC9D8C281 /* Pods_TennisFanTests.framework in Frameworks */ = {isa = PBXBuildFile; fileRef = DD1E129FA1683314E04E7ACC /* Pods_TennisFanTests.framework */; };
		6308512B292CDBAC006042B6 /* UIViewController.swift in Sources */ = {isa = PBXBuildFile; fileRef = 6308512A292CDBAC006042B6 /* UIViewController.swift */; };
		6308512E292D013A006042B6 /* ExpandableViewContentConfiguration.swift in Sources */ = {isa = PBXBuildFile; fileRef = 6308512D292D013A006042B6 /* ExpandableViewContentConfiguration.swift */; };
		63085130292D014B006042B6 /* ExpandableEventView.swift in Sources */ = {isa = PBXBuildFile; fileRef = 6308512F292D014B006042B6 /* ExpandableEventView.swift */; };
		6326A6D52924A72B00EAA05F /* RootViewController.swift in Sources */ = {isa = PBXBuildFile; fileRef = 6326A6D42924A72B00EAA05F /* RootViewController.swift */; };
		6326A6D72924A74400EAA05F /* RootViewModal.swift in Sources */ = {isa = PBXBuildFile; fileRef = 6326A6D62924A74400EAA05F /* RootViewModal.swift */; };
		6326A6D92924A77400EAA05F /* Router.swift in Sources */ = {isa = PBXBuildFile; fileRef = 6326A6D82924A77400EAA05F /* Router.swift */; };
		6326A6DC2925111300EAA05F /* EventsViewController.swift in Sources */ = {isa = PBXBuildFile; fileRef = 6326A6DB2925111300EAA05F /* EventsViewController.swift */; };
		6326A6F1292521DF00EAA05F /* APIManager.swift in Sources */ = {isa = PBXBuildFile; fileRef = 6326A6F0292521DF00EAA05F /* APIManager.swift */; };
		6326A6F3292522E500EAA05F /* EventsViewModel.swift in Sources */ = {isa = PBXBuildFile; fileRef = 6326A6F2292522E500EAA05F /* EventsViewModel.swift */; };
		6326A6F829253D7500EAA05F /* ExpandableEventViewCell.swift in Sources */ = {isa = PBXBuildFile; fileRef = 6326A6F729253D7500EAA05F /* ExpandableEventViewCell.swift */; };
		633F7A21294C93E3002A1FF4 /* ExpandableRankingsViewCell.swift in Sources */ = {isa = PBXBuildFile; fileRef = 633F7A20294C93E3002A1FF4 /* ExpandableRankingsViewCell.swift */; };
		633F7A23294C9410002A1FF4 /* ExpandableRankingsConfiguration.swift in Sources */ = {isa = PBXBuildFile; fileRef = 633F7A22294C9410002A1FF4 /* ExpandableRankingsConfiguration.swift */; };
		633F7A25294C941F002A1FF4 /* ExpandableRankingsView.swift in Sources */ = {isa = PBXBuildFile; fileRef = 633F7A24294C941F002A1FF4 /* ExpandableRankingsView.swift */; };
		634422D4292281DF0017A71C /* Alamofire in Frameworks */ = {isa = PBXBuildFile; productRef = 634422D3292281DF0017A71C /* Alamofire */; };
		634422D7292281F50017A71C /* Kingfisher in Frameworks */ = {isa = PBXBuildFile; productRef = 634422D6292281F50017A71C /* Kingfisher */; };
		634422D9292283430017A71C /* GoogleService-Info.plist in Resources */ = {isa = PBXBuildFile; fileRef = 634422D8292283430017A71C /* GoogleService-Info.plist */; };
		634422ED2922BD2B0017A71C /* LoginView.swift in Sources */ = {isa = PBXBuildFile; fileRef = 634422EC2922BD2B0017A71C /* LoginView.swift */; };
		634422EF2922BD3F0017A71C /* LoginViewController.swift in Sources */ = {isa = PBXBuildFile; fileRef = 634422EE2922BD3F0017A71C /* LoginViewController.swift */; };
		634422F12922BD4E0017A71C /* LoginViewModel.swift in Sources */ = {isa = PBXBuildFile; fileRef = 634422F02922BD4E0017A71C /* LoginViewModel.swift */; };
		63479242293F45650092AF2C /* TennisAPIPlayerRankingModel.swift in Sources */ = {isa = PBXBuildFile; fileRef = 63479241293F45650092AF2C /* TennisAPIPlayerRankingModel.swift */; };
		63479244293F45870092AF2C /* DateFormatter.swift in Sources */ = {isa = PBXBuildFile; fileRef = 63479243293F45870092AF2C /* DateFormatter.swift */; };
		638C9F73295F08AE0084820A /* Favorites.swift in Sources */ = {isa = PBXBuildFile; fileRef = 638C9F72295F08AE0084820A /* Favorites.swift */; };
		638C9F75295F09590084820A /* Favorites.json in Resources */ = {isa = PBXBuildFile; fileRef = 638C9F74295F09590084820A /* Favorites.json */; };
		639F741C2965CA380093225E /* FirebaseAuth in Frameworks */ = {isa = PBXBuildFile; productRef = 639F741B2965CA380093225E /* FirebaseAuth */; };
		639F741E2965CA380093225E /* FirebaseFirestore in Frameworks */ = {isa = PBXBuildFile; productRef = 639F741D2965CA380093225E /* FirebaseFirestore */; };
		63B15EE1292582D80046A583 /* TennisLiveAPIModel.swift in Sources */ = {isa = PBXBuildFile; fileRef = 63B15EE0292582D80046A583 /* TennisLiveAPIModel.swift */; };
		63B47C89293A9881002F244F /* EventsDetailViewController.swift in Sources */ = {isa = PBXBuildFile; fileRef = 63B47C88293A9881002F244F /* EventsDetailViewController.swift */; };
		63B47C8B293A98B4002F244F /* EventDetailView.swift in Sources */ = {isa = PBXBuildFile; fileRef = 63B47C8A293A98B4002F244F /* EventDetailView.swift */; };
		63B47C8D293A9F85002F244F /* EventsDetailViewModel.swift in Sources */ = {isa = PBXBuildFile; fileRef = 63B47C8C293A9F85002F244F /* EventsDetailViewModel.swift */; };
		63BBD60229227D8300EFF5CC /* AppDelegate.swift in Sources */ = {isa = PBXBuildFile; fileRef = 63BBD60129227D8300EFF5CC /* AppDelegate.swift */; };
		63BBD60429227D8300EFF5CC /* SceneDelegate.swift in Sources */ = {isa = PBXBuildFile; fileRef = 63BBD60329227D8300EFF5CC /* SceneDelegate.swift */; };
		63BBD60629227D8300EFF5CC /* ViewController.swift in Sources */ = {isa = PBXBuildFile; fileRef = 63BBD60529227D8300EFF5CC /* ViewController.swift */; };
		63BBD60B29227D8400EFF5CC /* Assets.xcassets in Resources */ = {isa = PBXBuildFile; fileRef = 63BBD60A29227D8400EFF5CC /* Assets.xcassets */; };
		63BBD60E29227D8400EFF5CC /* LaunchScreen.storyboard in Resources */ = {isa = PBXBuildFile; fileRef = 63BBD60C29227D8400EFF5CC /* LaunchScreen.storyboard */; };
		63BBD61929227D8400EFF5CC /* TennisFanTests.swift in Sources */ = {isa = PBXBuildFile; fileRef = 63BBD61829227D8400EFF5CC /* TennisFanTests.swift */; };
		63BBD62329227D8400EFF5CC /* TennisFanUITests.swift in Sources */ = {isa = PBXBuildFile; fileRef = 63BBD62229227D8400EFF5CC /* TennisFanUITests.swift */; };
		63BBD62529227D8400EFF5CC /* TennisFanUITestsLaunchTests.swift in Sources */ = {isa = PBXBuildFile; fileRef = 63BBD62429227D8400EFF5CC /* TennisFanUITestsLaunchTests.swift */; };
		63BBD63229227E9800EFF5CC /* TabbarViewController.swift in Sources */ = {isa = PBXBuildFile; fileRef = 63BBD63129227E9800EFF5CC /* TabbarViewController.swift */; };
		63BF55E22951AE900030F33E /* SwiftFlags in Frameworks */ = {isa = PBXBuildFile; productRef = 63BF55E12951AE900030F33E /* SwiftFlags */; };
		63E7AAD4296B30320090E76C /* FavoritesViewController.swift in Sources */ = {isa = PBXBuildFile; fileRef = 63E7AAD3296B30320090E76C /* FavoritesViewController.swift */; };
		63E7AAD6296B30650090E76C /* FavoritesViewModel.swift in Sources */ = {isa = PBXBuildFile; fileRef = 63E7AAD5296B30650090E76C /* FavoritesViewModel.swift */; };
		63E7AAD9296B47DE0090E76C /* FavoriteCell.swift in Sources */ = {isa = PBXBuildFile; fileRef = 63E7AAD8296B47DE0090E76C /* FavoriteCell.swift */; };
		63E7AADB296BF1CC0090E76C /* FavoriteConfiguration.swift in Sources */ = {isa = PBXBuildFile; fileRef = 63E7AADA296BF1CC0090E76C /* FavoriteConfiguration.swift */; };
		63E7AADD296BF1DA0090E76C /* FavoriteContentView.swift in Sources */ = {isa = PBXBuildFile; fileRef = 63E7AADC296BF1DA0090E76C /* FavoriteContentView.swift */; };
		63F2B79A2951E37A006913F5 /* Button.swift in Sources */ = {isa = PBXBuildFile; fileRef = 63F2B7992951E37A006913F5 /* Button.swift */; };
		63F2B79F29520352006913F5 /* FileManager.swift in Sources */ = {isa = PBXBuildFile; fileRef = 63F2B79E29520352006913F5 /* FileManager.swift */; };
		63FB5A172949FBA3000ECED3 /* ATPRankingsModel.swift in Sources */ = {isa = PBXBuildFile; fileRef = 63FB5A162949FBA3000ECED3 /* ATPRankingsModel.swift */; };
		63FB5A19294A0108000ECED3 /* WTARankingsModel.swift in Sources */ = {isa = PBXBuildFile; fileRef = 63FB5A18294A0108000ECED3 /* WTARankingsModel.swift */; };
		63FB5A1B294A028D000ECED3 /* RankingsViewModel.swift in Sources */ = {isa = PBXBuildFile; fileRef = 63FB5A1A294A028D000ECED3 /* RankingsViewModel.swift */; };
		63FB5A1D294A0299000ECED3 /* RankingsViewController.swift in Sources */ = {isa = PBXBuildFile; fileRef = 63FB5A1C294A0299000ECED3 /* RankingsViewController.swift */; };
		A493C30C31EDED93A613FD68 /* Pods_TennisFan.framework in Frameworks */ = {isa = PBXBuildFile; fileRef = EA90E62946A590C6EC228822 /* Pods_TennisFan.framework */; };
		A86C10F9DC8BFCE6923D2A53 /* Pods_TennisFan_TennisFanUITests.framework in Frameworks */ = {isa = PBXBuildFile; fileRef = 85D536E9C158239AA4BD0426 /* Pods_TennisFan_TennisFanUITests.framework */; };
/* End PBXBuildFile section */

/* Begin PBXContainerItemProxy section */
		63BBD61529227D8400EFF5CC /* PBXContainerItemProxy */ = {
			isa = PBXContainerItemProxy;
			containerPortal = 63BBD5F629227D8300EFF5CC /* Project object */;
			proxyType = 1;
			remoteGlobalIDString = 63BBD5FD29227D8300EFF5CC;
			remoteInfo = TennisFan;
		};
		63BBD61F29227D8400EFF5CC /* PBXContainerItemProxy */ = {
			isa = PBXContainerItemProxy;
			containerPortal = 63BBD5F629227D8300EFF5CC /* Project object */;
			proxyType = 1;
			remoteGlobalIDString = 63BBD5FD29227D8300EFF5CC;
			remoteInfo = TennisFan;
		};
/* End PBXContainerItemProxy section */

/* Begin PBXFileReference section */
		18E55151BC47127C63997F36 /* Pods-TennisFan-TennisFanUITests.debug.xcconfig */ = {isa = PBXFileReference; includeInIndex = 1; lastKnownFileType = text.xcconfig; name = "Pods-TennisFan-TennisFanUITests.debug.xcconfig"; path = "Target Support Files/Pods-TennisFan-TennisFanUITests/Pods-TennisFan-TennisFanUITests.debug.xcconfig"; sourceTree = "<group>"; };
		2446E8E8600D3ED43A7156DE /* Pods-TennisFan-TennisFanUITests.release.xcconfig */ = {isa = PBXFileReference; includeInIndex = 1; lastKnownFileType = text.xcconfig; name = "Pods-TennisFan-TennisFanUITests.release.xcconfig"; path = "Target Support Files/Pods-TennisFan-TennisFanUITests/Pods-TennisFan-TennisFanUITests.release.xcconfig"; sourceTree = "<group>"; };
		522429D588D93AF26A4F6189 /* Pods-TennisFanTests.debug.xcconfig */ = {isa = PBXFileReference; includeInIndex = 1; lastKnownFileType = text.xcconfig; name = "Pods-TennisFanTests.debug.xcconfig"; path = "Target Support Files/Pods-TennisFanTests/Pods-TennisFanTests.debug.xcconfig"; sourceTree = "<group>"; };
		6308512A292CDBAC006042B6 /* UIViewController.swift */ = {isa = PBXFileReference; lastKnownFileType = sourcecode.swift; path = UIViewController.swift; sourceTree = "<group>"; };
		6308512D292D013A006042B6 /* ExpandableViewContentConfiguration.swift */ = {isa = PBXFileReference; lastKnownFileType = sourcecode.swift; path = ExpandableViewContentConfiguration.swift; sourceTree = "<group>"; };
		6308512F292D014B006042B6 /* ExpandableEventView.swift */ = {isa = PBXFileReference; lastKnownFileType = sourcecode.swift; path = ExpandableEventView.swift; sourceTree = "<group>"; };
		6326A6D42924A72B00EAA05F /* RootViewController.swift */ = {isa = PBXFileReference; lastKnownFileType = sourcecode.swift; path = RootViewController.swift; sourceTree = "<group>"; };
		6326A6D62924A74400EAA05F /* RootViewModal.swift */ = {isa = PBXFileReference; lastKnownFileType = sourcecode.swift; path = RootViewModal.swift; sourceTree = "<group>"; };
		6326A6D82924A77400EAA05F /* Router.swift */ = {isa = PBXFileReference; lastKnownFileType = sourcecode.swift; path = Router.swift; sourceTree = "<group>"; };
		6326A6DB2925111300EAA05F /* EventsViewController.swift */ = {isa = PBXFileReference; lastKnownFileType = sourcecode.swift; path = EventsViewController.swift; sourceTree = "<group>"; };
		6326A6F0292521DF00EAA05F /* APIManager.swift */ = {isa = PBXFileReference; lastKnownFileType = sourcecode.swift; path = APIManager.swift; sourceTree = "<group>"; };
		6326A6F2292522E500EAA05F /* EventsViewModel.swift */ = {isa = PBXFileReference; lastKnownFileType = sourcecode.swift; path = EventsViewModel.swift; sourceTree = "<group>"; };
		6326A6F729253D7500EAA05F /* ExpandableEventViewCell.swift */ = {isa = PBXFileReference; lastKnownFileType = sourcecode.swift; path = ExpandableEventViewCell.swift; sourceTree = "<group>"; };
		633F7A20294C93E3002A1FF4 /* ExpandableRankingsViewCell.swift */ = {isa = PBXFileReference; lastKnownFileType = sourcecode.swift; path = ExpandableRankingsViewCell.swift; sourceTree = "<group>"; };
		633F7A22294C9410002A1FF4 /* ExpandableRankingsConfiguration.swift */ = {isa = PBXFileReference; lastKnownFileType = sourcecode.swift; path = ExpandableRankingsConfiguration.swift; sourceTree = "<group>"; };
		633F7A24294C941F002A1FF4 /* ExpandableRankingsView.swift */ = {isa = PBXFileReference; lastKnownFileType = sourcecode.swift; path = ExpandableRankingsView.swift; sourceTree = "<group>"; };
		634422D8292283430017A71C /* GoogleService-Info.plist */ = {isa = PBXFileReference; fileEncoding = 4; lastKnownFileType = text.plist.xml; name = "GoogleService-Info.plist"; path = "TennisFan/GoogleService-Info.plist"; sourceTree = "<group>"; };
		634422EC2922BD2B0017A71C /* LoginView.swift */ = {isa = PBXFileReference; lastKnownFileType = sourcecode.swift; path = LoginView.swift; sourceTree = "<group>"; };
		634422EE2922BD3F0017A71C /* LoginViewController.swift */ = {isa = PBXFileReference; lastKnownFileType = sourcecode.swift; path = LoginViewController.swift; sourceTree = "<group>"; };
		634422F02922BD4E0017A71C /* LoginViewModel.swift */ = {isa = PBXFileReference; lastKnownFileType = sourcecode.swift; path = LoginViewModel.swift; sourceTree = "<group>"; };
		63479241293F45650092AF2C /* TennisAPIPlayerRankingModel.swift */ = {isa = PBXFileReference; fileEncoding = 4; lastKnownFileType = sourcecode.swift; path = TennisAPIPlayerRankingModel.swift; sourceTree = "<group>"; };
		63479243293F45870092AF2C /* DateFormatter.swift */ = {isa = PBXFileReference; fileEncoding = 4; lastKnownFileType = sourcecode.swift; path = DateFormatter.swift; sourceTree = "<group>"; };
		638C9F72295F08AE0084820A /* Favorites.swift */ = {isa = PBXFileReference; lastKnownFileType = sourcecode.swift; path = Favorites.swift; sourceTree = "<group>"; };
		638C9F74295F09590084820A /* Favorites.json */ = {isa = PBXFileReference; lastKnownFileType = text.json; path = Favorites.json; sourceTree = "<group>"; };
		63B15EE0292582D80046A583 /* TennisLiveAPIModel.swift */ = {isa = PBXFileReference; lastKnownFileType = sourcecode.swift; path = TennisLiveAPIModel.swift; sourceTree = "<group>"; };
		63B47C88293A9881002F244F /* EventsDetailViewController.swift */ = {isa = PBXFileReference; lastKnownFileType = sourcecode.swift; path = EventsDetailViewController.swift; sourceTree = "<group>"; };
		63B47C8A293A98B4002F244F /* EventDetailView.swift */ = {isa = PBXFileReference; lastKnownFileType = sourcecode.swift; path = EventDetailView.swift; sourceTree = "<group>"; };
		63B47C8C293A9F85002F244F /* EventsDetailViewModel.swift */ = {isa = PBXFileReference; lastKnownFileType = sourcecode.swift; path = EventsDetailViewModel.swift; sourceTree = "<group>"; };
		63BBD5FE29227D8300EFF5CC /* TennisFan.app */ = {isa = PBXFileReference; explicitFileType = wrapper.application; includeInIndex = 0; path = TennisFan.app; sourceTree = BUILT_PRODUCTS_DIR; };
		63BBD60129227D8300EFF5CC /* AppDelegate.swift */ = {isa = PBXFileReference; lastKnownFileType = sourcecode.swift; path = AppDelegate.swift; sourceTree = "<group>"; };
		63BBD60329227D8300EFF5CC /* SceneDelegate.swift */ = {isa = PBXFileReference; lastKnownFileType = sourcecode.swift; path = SceneDelegate.swift; sourceTree = "<group>"; };
		63BBD60529227D8300EFF5CC /* ViewController.swift */ = {isa = PBXFileReference; lastKnownFileType = sourcecode.swift; path = ViewController.swift; sourceTree = "<group>"; };
		63BBD60A29227D8400EFF5CC /* Assets.xcassets */ = {isa = PBXFileReference; lastKnownFileType = folder.assetcatalog; path = Assets.xcassets; sourceTree = "<group>"; };
		63BBD60D29227D8400EFF5CC /* Base */ = {isa = PBXFileReference; lastKnownFileType = file.storyboard; name = Base; path = Base.lproj/LaunchScreen.storyboard; sourceTree = "<group>"; };
		63BBD60F29227D8400EFF5CC /* Info.plist */ = {isa = PBXFileReference; lastKnownFileType = text.plist.xml; path = Info.plist; sourceTree = "<group>"; };
		63BBD61429227D8400EFF5CC /* TennisFanTests.xctest */ = {isa = PBXFileReference; explicitFileType = wrapper.cfbundle; includeInIndex = 0; path = TennisFanTests.xctest; sourceTree = BUILT_PRODUCTS_DIR; };
		63BBD61829227D8400EFF5CC /* TennisFanTests.swift */ = {isa = PBXFileReference; lastKnownFileType = sourcecode.swift; path = TennisFanTests.swift; sourceTree = "<group>"; };
		63BBD61E29227D8400EFF5CC /* TennisFanUITests.xctest */ = {isa = PBXFileReference; explicitFileType = wrapper.cfbundle; includeInIndex = 0; path = TennisFanUITests.xctest; sourceTree = BUILT_PRODUCTS_DIR; };
		63BBD62229227D8400EFF5CC /* TennisFanUITests.swift */ = {isa = PBXFileReference; lastKnownFileType = sourcecode.swift; path = TennisFanUITests.swift; sourceTree = "<group>"; };
		63BBD62429227D8400EFF5CC /* TennisFanUITestsLaunchTests.swift */ = {isa = PBXFileReference; lastKnownFileType = sourcecode.swift; path = TennisFanUITestsLaunchTests.swift; sourceTree = "<group>"; };
		63BBD63129227E9800EFF5CC /* TabbarViewController.swift */ = {isa = PBXFileReference; lastKnownFileType = sourcecode.swift; path = TabbarViewController.swift; sourceTree = "<group>"; };
		63E7AAD3296B30320090E76C /* FavoritesViewController.swift */ = {isa = PBXFileReference; lastKnownFileType = sourcecode.swift; path = FavoritesViewController.swift; sourceTree = "<group>"; };
		63E7AAD5296B30650090E76C /* FavoritesViewModel.swift */ = {isa = PBXFileReference; lastKnownFileType = sourcecode.swift; path = FavoritesViewModel.swift; sourceTree = "<group>"; };
		63E7AAD8296B47DE0090E76C /* FavoriteCell.swift */ = {isa = PBXFileReference; lastKnownFileType = sourcecode.swift; path = FavoriteCell.swift; sourceTree = "<group>"; };
		63E7AADA296BF1CC0090E76C /* FavoriteConfiguration.swift */ = {isa = PBXFileReference; lastKnownFileType = sourcecode.swift; path = FavoriteConfiguration.swift; sourceTree = "<group>"; };
		63E7AADC296BF1DA0090E76C /* FavoriteContentView.swift */ = {isa = PBXFileReference; lastKnownFileType = sourcecode.swift; path = FavoriteContentView.swift; sourceTree = "<group>"; };
		63F2B7992951E37A006913F5 /* Button.swift */ = {isa = PBXFileReference; lastKnownFileType = sourcecode.swift; path = Button.swift; sourceTree = "<group>"; };
		63F2B79E29520352006913F5 /* FileManager.swift */ = {isa = PBXFileReference; lastKnownFileType = sourcecode.swift; path = FileManager.swift; sourceTree = "<group>"; };
		63FB5A162949FBA3000ECED3 /* ATPRankingsModel.swift */ = {isa = PBXFileReference; lastKnownFileType = sourcecode.swift; path = ATPRankingsModel.swift; sourceTree = "<group>"; };
		63FB5A18294A0108000ECED3 /* WTARankingsModel.swift */ = {isa = PBXFileReference; lastKnownFileType = sourcecode.swift; path = WTARankingsModel.swift; sourceTree = "<group>"; };
		63FB5A1A294A028D000ECED3 /* RankingsViewModel.swift */ = {isa = PBXFileReference; lastKnownFileType = sourcecode.swift; path = RankingsViewModel.swift; sourceTree = "<group>"; };
		63FB5A1C294A0299000ECED3 /* RankingsViewController.swift */ = {isa = PBXFileReference; lastKnownFileType = sourcecode.swift; path = RankingsViewController.swift; sourceTree = "<group>"; };
		85D536E9C158239AA4BD0426 /* Pods_TennisFan_TennisFanUITests.framework */ = {isa = PBXFileReference; explicitFileType = wrapper.framework; includeInIndex = 0; path = Pods_TennisFan_TennisFanUITests.framework; sourceTree = BUILT_PRODUCTS_DIR; };
		9E676BF8FBDCFED9AD60BA1D /* Pods-TennisFan.debug.xcconfig */ = {isa = PBXFileReference; includeInIndex = 1; lastKnownFileType = text.xcconfig; name = "Pods-TennisFan.debug.xcconfig"; path = "Target Support Files/Pods-TennisFan/Pods-TennisFan.debug.xcconfig"; sourceTree = "<group>"; };
		A7867547A9E9E46FB0058729 /* Pods-TennisFan.release.xcconfig */ = {isa = PBXFileReference; includeInIndex = 1; lastKnownFileType = text.xcconfig; name = "Pods-TennisFan.release.xcconfig"; path = "Target Support Files/Pods-TennisFan/Pods-TennisFan.release.xcconfig"; sourceTree = "<group>"; };
		DD1E129FA1683314E04E7ACC /* Pods_TennisFanTests.framework */ = {isa = PBXFileReference; explicitFileType = wrapper.framework; includeInIndex = 0; path = Pods_TennisFanTests.framework; sourceTree = BUILT_PRODUCTS_DIR; };
		EA90E62946A590C6EC228822 /* Pods_TennisFan.framework */ = {isa = PBXFileReference; explicitFileType = wrapper.framework; includeInIndex = 0; path = Pods_TennisFan.framework; sourceTree = BUILT_PRODUCTS_DIR; };
		EBEB4A11F35005FBB15D1BAF /* Pods-TennisFanTests.release.xcconfig */ = {isa = PBXFileReference; includeInIndex = 1; lastKnownFileType = text.xcconfig; name = "Pods-TennisFanTests.release.xcconfig"; path = "Target Support Files/Pods-TennisFanTests/Pods-TennisFanTests.release.xcconfig"; sourceTree = "<group>"; };
/* End PBXFileReference section */

/* Begin PBXFrameworksBuildPhase section */
		63BBD5FB29227D8300EFF5CC /* Frameworks */ = {
			isa = PBXFrameworksBuildPhase;
			buildActionMask = 2147483647;
			files = (
				63BF55E22951AE900030F33E /* SwiftFlags in Frameworks */,
				639F741C2965CA380093225E /* FirebaseAuth in Frameworks */,
				634422D7292281F50017A71C /* Kingfisher in Frameworks */,
				634422D4292281DF0017A71C /* Alamofire in Frameworks */,
				639F741E2965CA380093225E /* FirebaseFirestore in Frameworks */,
				A493C30C31EDED93A613FD68 /* Pods_TennisFan.framework in Frameworks */,
			);
			runOnlyForDeploymentPostprocessing = 0;
		};
		63BBD61129227D8400EFF5CC /* Frameworks */ = {
			isa = PBXFrameworksBuildPhase;
			buildActionMask = 2147483647;
			files = (
				51F74463882F965AC9D8C281 /* Pods_TennisFanTests.framework in Frameworks */,
			);
			runOnlyForDeploymentPostprocessing = 0;
		};
		63BBD61B29227D8400EFF5CC /* Frameworks */ = {
			isa = PBXFrameworksBuildPhase;
			buildActionMask = 2147483647;
			files = (
				A86C10F9DC8BFCE6923D2A53 /* Pods_TennisFan_TennisFanUITests.framework in Frameworks */,
			);
			runOnlyForDeploymentPostprocessing = 0;
		};
/* End PBXFrameworksBuildPhase section */

/* Begin PBXGroup section */
		203DD0C9A0EB146EA6C5F4FD /* Pods */ = {
			isa = PBXGroup;
			children = (
				9E676BF8FBDCFED9AD60BA1D /* Pods-TennisFan.debug.xcconfig */,
				A7867547A9E9E46FB0058729 /* Pods-TennisFan.release.xcconfig */,
				18E55151BC47127C63997F36 /* Pods-TennisFan-TennisFanUITests.debug.xcconfig */,
				2446E8E8600D3ED43A7156DE /* Pods-TennisFan-TennisFanUITests.release.xcconfig */,
				522429D588D93AF26A4F6189 /* Pods-TennisFanTests.debug.xcconfig */,
				EBEB4A11F35005FBB15D1BAF /* Pods-TennisFanTests.release.xcconfig */,
			);
			path = Pods;
			sourceTree = "<group>";
		};
		63085129292CDB97006042B6 /* Extensions */ = {
			isa = PBXGroup;
			children = (
				6308512A292CDBAC006042B6 /* UIViewController.swift */,
				63F2B79E29520352006913F5 /* FileManager.swift */,
				63479243293F45870092AF2C /* DateFormatter.swift */,
			);
			path = Extensions;
			sourceTree = "<group>";
		};
		6308512C292D0111006042B6 /* ExpandableCell */ = {
			isa = PBXGroup;
			children = (
				6326A6F729253D7500EAA05F /* ExpandableEventViewCell.swift */,
				6308512D292D013A006042B6 /* ExpandableViewContentConfiguration.swift */,
				6308512F292D014B006042B6 /* ExpandableEventView.swift */,
			);
			path = ExpandableCell;
			sourceTree = "<group>";
		};
		6326A6D32924A57E00EAA05F /* RootView */ = {
			isa = PBXGroup;
			children = (
				6326A6D42924A72B00EAA05F /* RootViewController.swift */,
				6326A6D62924A74400EAA05F /* RootViewModal.swift */,
			);
			path = RootView;
			sourceTree = "<group>";
		};
		6326A6DA292510F200EAA05F /* UserScreens */ = {
			isa = PBXGroup;
			children = (
				63BBD60529227D8300EFF5CC /* ViewController.swift */,
				63BBD63129227E9800EFF5CC /* TabbarViewController.swift */,
				6326A6DD2925111B00EAA05F /* Events */,
				63FB5A142949FB68000ECED3 /* Rankings */,
				63E7AAD2296B2EAC0090E76C /* Favorites */,
			);
			path = UserScreens;
			sourceTree = "<group>";
		};
		6326A6DD2925111B00EAA05F /* Events */ = {
			isa = PBXGroup;
			children = (
				6326A6DB2925111300EAA05F /* EventsViewController.swift */,
				6326A6F2292522E500EAA05F /* EventsViewModel.swift */,
				6326A6F42925382C00EAA05F /* CollectionViews */,
				63B47C87293A9859002F244F /* Presenter */,
				6326A6E32925193C00EAA05F /* EventsModels */,
			);
			path = Events;
			sourceTree = "<group>";
		};
		6326A6DE2925112F00EAA05F /* Delegates */ = {
			isa = PBXGroup;
			children = (
				63BBD60129227D8300EFF5CC /* AppDelegate.swift */,
				63BBD60329227D8300EFF5CC /* SceneDelegate.swift */,
			);
			path = Delegates;
			sourceTree = "<group>";
		};
		6326A6E32925193C00EAA05F /* EventsModels */ = {
			isa = PBXGroup;
			children = (
				63B15EE0292582D80046A583 /* TennisLiveAPIModel.swift */,
				63479241293F45650092AF2C /* TennisAPIPlayerRankingModel.swift */,
			);
			path = EventsModels;
			sourceTree = "<group>";
		};
		6326A6F42925382C00EAA05F /* CollectionViews */ = {
			isa = PBXGroup;
			children = (
				6308512C292D0111006042B6 /* ExpandableCell */,
			);
			path = CollectionViews;
			sourceTree = "<group>";
		};
		633F7A1E294C936F002A1FF4 /* CollectionViews */ = {
			isa = PBXGroup;
			children = (
				633F7A1F294C9380002A1FF4 /* ExpandableCell */,
			);
			path = CollectionViews;
			sourceTree = "<group>";
		};
		633F7A1F294C9380002A1FF4 /* ExpandableCell */ = {
			isa = PBXGroup;
			children = (
				633F7A20294C93E3002A1FF4 /* ExpandableRankingsViewCell.swift */,
				633F7A22294C9410002A1FF4 /* ExpandableRankingsConfiguration.swift */,
				633F7A24294C941F002A1FF4 /* ExpandableRankingsView.swift */,
			);
			path = ExpandableCell;
			sourceTree = "<group>";
		};
		634422D1292281770017A71C /* NetworkManager */ = {
			isa = PBXGroup;
			children = (
				6326A6D82924A77400EAA05F /* Router.swift */,
				6326A6F0292521DF00EAA05F /* APIManager.swift */,
			);
			path = NetworkManager;
			sourceTree = "<group>";
		};
		634422EB2922BADE0017A71C /* SigningScreen */ = {
			isa = PBXGroup;
			children = (
				634422EC2922BD2B0017A71C /* LoginView.swift */,
				634422EE2922BD3F0017A71C /* LoginViewController.swift */,
				634422F02922BD4E0017A71C /* LoginViewModel.swift */,
			);
			path = SigningScreen;
			sourceTree = "<group>";
		};
		63B47C87293A9859002F244F /* Presenter */ = {
			isa = PBXGroup;
			children = (
				63B47C88293A9881002F244F /* EventsDetailViewController.swift */,
				63B47C8A293A98B4002F244F /* EventDetailView.swift */,
				63B47C8C293A9F85002F244F /* EventsDetailViewModel.swift */,
			);
			path = Presenter;
			sourceTree = "<group>";
		};
		63BBD5F529227D8300EFF5CC = {
			isa = PBXGroup;
			children = (
				634422D8292283430017A71C /* GoogleService-Info.plist */,
				63BBD60F29227D8400EFF5CC /* Info.plist */,
				63BBD60029227D8300EFF5CC /* TennisFan */,
				63BBD61729227D8400EFF5CC /* TennisFanTests */,
				63BBD62129227D8400EFF5CC /* TennisFanUITests */,
				63BBD5FF29227D8300EFF5CC /* Products */,
				203DD0C9A0EB146EA6C5F4FD /* Pods */,
				B8721AD1C77E97C03AAA657E /* Frameworks */,
			);
			sourceTree = "<group>";
		};
		63BBD5FF29227D8300EFF5CC /* Products */ = {
			isa = PBXGroup;
			children = (
				63BBD5FE29227D8300EFF5CC /* TennisFan.app */,
				63BBD61429227D8400EFF5CC /* TennisFanTests.xctest */,
				63BBD61E29227D8400EFF5CC /* TennisFanUITests.xctest */,
			);
			name = Products;
			sourceTree = "<group>";
		};
		63BBD60029227D8300EFF5CC /* TennisFan */ = {
			isa = PBXGroup;
			children = (
				63F2B79B2951FFB4006913F5 /* Support */,
				63085129292CDB97006042B6 /* Extensions */,
				6326A6DE2925112F00EAA05F /* Delegates */,
				6326A6D32924A57E00EAA05F /* RootView */,
				634422EB2922BADE0017A71C /* SigningScreen */,
				6326A6DA292510F200EAA05F /* UserScreens */,
				634422D1292281770017A71C /* NetworkManager */,
				63BBD60A29227D8400EFF5CC /* Assets.xcassets */,
				63BBD60C29227D8400EFF5CC /* LaunchScreen.storyboard */,
			);
			path = TennisFan;
			sourceTree = "<group>";
		};
		63BBD61729227D8400EFF5CC /* TennisFanTests */ = {
			isa = PBXGroup;
			children = (
				63BBD61829227D8400EFF5CC /* TennisFanTests.swift */,
			);
			path = TennisFanTests;
			sourceTree = "<group>";
		};
		63BBD62129227D8400EFF5CC /* TennisFanUITests */ = {
			isa = PBXGroup;
			children = (
				63BBD62229227D8400EFF5CC /* TennisFanUITests.swift */,
				63BBD62429227D8400EFF5CC /* TennisFanUITestsLaunchTests.swift */,
			);
			path = TennisFanUITests;
			sourceTree = "<group>";
		};
		63E7AAD2296B2EAC0090E76C /* Favorites */ = {
			isa = PBXGroup;
			children = (
				63E7AAD7296B47BD0090E76C /* CollectionViews */,
				63E7AAD3296B30320090E76C /* FavoritesViewController.swift */,
				63E7AAD5296B30650090E76C /* FavoritesViewModel.swift */,
			);
			path = Favorites;
			sourceTree = "<group>";
		};
		63E7AAD7296B47BD0090E76C /* CollectionViews */ = {
			isa = PBXGroup;
			children = (
				63E7AAD8296B47DE0090E76C /* FavoriteCell.swift */,
				63E7AADA296BF1CC0090E76C /* FavoriteConfiguration.swift */,
				63E7AADC296BF1DA0090E76C /* FavoriteContentView.swift */,
			);
			path = CollectionViews;
			sourceTree = "<group>";
		};
		63F2B7982951E362006913F5 /* Buttons */ = {
			isa = PBXGroup;
			children = (
				63F2B7992951E37A006913F5 /* Button.swift */,
			);
			path = Buttons;
			sourceTree = "<group>";
		};
		63F2B79B2951FFB4006913F5 /* Support */ = {
			isa = PBXGroup;
			children = (
				638C9F74295F09590084820A /* Favorites.json */,
			);
			path = Support;
			sourceTree = "<group>";
		};
		63FB5A142949FB68000ECED3 /* Rankings */ = {
			isa = PBXGroup;
			children = (
				63F2B7982951E362006913F5 /* Buttons */,
				63FB5A152949FB90000ECED3 /* RankingsModels */,
				63FB5A1C294A0299000ECED3 /* RankingsViewController.swift */,
				63FB5A1A294A028D000ECED3 /* RankingsViewModel.swift */,
				633F7A1E294C936F002A1FF4 /* CollectionViews */,
			);
			path = Rankings;
			sourceTree = "<group>";
		};
		63FB5A152949FB90000ECED3 /* RankingsModels */ = {
			isa = PBXGroup;
			children = (
				63FB5A162949FBA3000ECED3 /* ATPRankingsModel.swift */,
				63FB5A18294A0108000ECED3 /* WTARankingsModel.swift */,
				638C9F72295F08AE0084820A /* Favorites.swift */,
			);
			path = RankingsModels;
			sourceTree = "<group>";
		};
		B8721AD1C77E97C03AAA657E /* Frameworks */ = {
			isa = PBXGroup;
			children = (
				EA90E62946A590C6EC228822 /* Pods_TennisFan.framework */,
				85D536E9C158239AA4BD0426 /* Pods_TennisFan_TennisFanUITests.framework */,
				DD1E129FA1683314E04E7ACC /* Pods_TennisFanTests.framework */,
			);
			name = Frameworks;
			sourceTree = "<group>";
		};
/* End PBXGroup section */

/* Begin PBXNativeTarget section */
		63BBD5FD29227D8300EFF5CC /* TennisFan */ = {
			isa = PBXNativeTarget;
			buildConfigurationList = 63BBD62829227D8400EFF5CC /* Build configuration list for PBXNativeTarget "TennisFan" */;
			buildPhases = (
				A2283CB5CA155A0DDE77020A /* [CP] Check Pods Manifest.lock */,
				63BBD5FA29227D8300EFF5CC /* Sources */,
				63BBD5FB29227D8300EFF5CC /* Frameworks */,
				63BBD5FC29227D8300EFF5CC /* Resources */,
				7C712435EE9D31B12F996BEC /* [CP] Embed Pods Frameworks */,
			);
			buildRules = (
			);
			dependencies = (
			);
			name = TennisFan;
			packageProductDependencies = (
				634422D3292281DF0017A71C /* Alamofire */,
				634422D6292281F50017A71C /* Kingfisher */,
				63BF55E12951AE900030F33E /* SwiftFlags */,
				639F741B2965CA380093225E /* FirebaseAuth */,
				639F741D2965CA380093225E /* FirebaseFirestore */,
			);
			productName = TennisFan;
			productReference = 63BBD5FE29227D8300EFF5CC /* TennisFan.app */;
			productType = "com.apple.product-type.application";
		};
		63BBD61329227D8400EFF5CC /* TennisFanTests */ = {
			isa = PBXNativeTarget;
			buildConfigurationList = 63BBD62B29227D8400EFF5CC /* Build configuration list for PBXNativeTarget "TennisFanTests" */;
			buildPhases = (
				D5233ED054F88ECF61FD534E /* [CP] Check Pods Manifest.lock */,
				63BBD61029227D8400EFF5CC /* Sources */,
				63BBD61129227D8400EFF5CC /* Frameworks */,
				63BBD61229227D8400EFF5CC /* Resources */,
			);
			buildRules = (
			);
			dependencies = (
				63BBD61629227D8400EFF5CC /* PBXTargetDependency */,
			);
			name = TennisFanTests;
			productName = TennisFanTests;
			productReference = 63BBD61429227D8400EFF5CC /* TennisFanTests.xctest */;
			productType = "com.apple.product-type.bundle.unit-test";
		};
		63BBD61D29227D8400EFF5CC /* TennisFanUITests */ = {
			isa = PBXNativeTarget;
			buildConfigurationList = 63BBD62E29227D8400EFF5CC /* Build configuration list for PBXNativeTarget "TennisFanUITests" */;
			buildPhases = (
				EFD4B325132B97FF8DB8E80B /* [CP] Check Pods Manifest.lock */,
				63BBD61A29227D8400EFF5CC /* Sources */,
				63BBD61B29227D8400EFF5CC /* Frameworks */,
				63BBD61C29227D8400EFF5CC /* Resources */,
				34A1F912D6F9B02ADBA61749 /* [CP] Embed Pods Frameworks */,
			);
			buildRules = (
			);
			dependencies = (
				63BBD62029227D8400EFF5CC /* PBXTargetDependency */,
			);
			name = TennisFanUITests;
			productName = TennisFanUITests;
			productReference = 63BBD61E29227D8400EFF5CC /* TennisFanUITests.xctest */;
			productType = "com.apple.product-type.bundle.ui-testing";
		};
/* End PBXNativeTarget section */

/* Begin PBXProject section */
		63BBD5F629227D8300EFF5CC /* Project object */ = {
			isa = PBXProject;
			attributes = {
				BuildIndependentTargetsInParallel = 1;
				LastSwiftUpdateCheck = 1410;
				LastUpgradeCheck = 1410;
				TargetAttributes = {
					63BBD5FD29227D8300EFF5CC = {
						CreatedOnToolsVersion = 14.1;
					};
					63BBD61329227D8400EFF5CC = {
						CreatedOnToolsVersion = 14.1;
						TestTargetID = 63BBD5FD29227D8300EFF5CC;
					};
					63BBD61D29227D8400EFF5CC = {
						CreatedOnToolsVersion = 14.1;
						TestTargetID = 63BBD5FD29227D8300EFF5CC;
					};
				};
			};
			buildConfigurationList = 63BBD5F929227D8300EFF5CC /* Build configuration list for PBXProject "TennisFan" */;
			compatibilityVersion = "Xcode 14.0";
			developmentRegion = en;
			hasScannedForEncodings = 0;
			knownRegions = (
				en,
				Base,
			);
			mainGroup = 63BBD5F529227D8300EFF5CC;
			packageReferences = (
				634422D2292281DF0017A71C /* XCRemoteSwiftPackageReference "Alamofire" */,
				634422D5292281F50017A71C /* XCRemoteSwiftPackageReference "Kingfisher" */,
				63BF55E02951AE8F0030F33E /* XCRemoteSwiftPackageReference "SwiftFlags" */,
				639F741A2965CA380093225E /* XCRemoteSwiftPackageReference "firebase-ios-sdk" */,
			);
			productRefGroup = 63BBD5FF29227D8300EFF5CC /* Products */;
			projectDirPath = "";
			projectRoot = "";
			targets = (
				63BBD5FD29227D8300EFF5CC /* TennisFan */,
				63BBD61329227D8400EFF5CC /* TennisFanTests */,
				63BBD61D29227D8400EFF5CC /* TennisFanUITests */,
			);
		};
/* End PBXProject section */

/* Begin PBXResourcesBuildPhase section */
		63BBD5FC29227D8300EFF5CC /* Resources */ = {
			isa = PBXResourcesBuildPhase;
			buildActionMask = 2147483647;
			files = (
				63BBD60E29227D8400EFF5CC /* LaunchScreen.storyboard in Resources */,
				638C9F75295F09590084820A /* Favorites.json in Resources */,
				63BBD60B29227D8400EFF5CC /* Assets.xcassets in Resources */,
				634422D9292283430017A71C /* GoogleService-Info.plist in Resources */,
			);
			runOnlyForDeploymentPostprocessing = 0;
		};
		63BBD61229227D8400EFF5CC /* Resources */ = {
			isa = PBXResourcesBuildPhase;
			buildActionMask = 2147483647;
			files = (
			);
			runOnlyForDeploymentPostprocessing = 0;
		};
		63BBD61C29227D8400EFF5CC /* Resources */ = {
			isa = PBXResourcesBuildPhase;
			buildActionMask = 2147483647;
			files = (
			);
			runOnlyForDeploymentPostprocessing = 0;
		};
/* End PBXResourcesBuildPhase section */

/* Begin PBXShellScriptBuildPhase section */
		34A1F912D6F9B02ADBA61749 /* [CP] Embed Pods Frameworks */ = {
			isa = PBXShellScriptBuildPhase;
			buildActionMask = 2147483647;
			files = (
			);
			inputFileListPaths = (
				"${PODS_ROOT}/Target Support Files/Pods-TennisFan-TennisFanUITests/Pods-TennisFan-TennisFanUITests-frameworks-${CONFIGURATION}-input-files.xcfilelist",
			);
			name = "[CP] Embed Pods Frameworks";
			outputFileListPaths = (
				"${PODS_ROOT}/Target Support Files/Pods-TennisFan-TennisFanUITests/Pods-TennisFan-TennisFanUITests-frameworks-${CONFIGURATION}-output-files.xcfilelist",
			);
			runOnlyForDeploymentPostprocessing = 0;
			shellPath = /bin/sh;
			shellScript = "\"${PODS_ROOT}/Target Support Files/Pods-TennisFan-TennisFanUITests/Pods-TennisFan-TennisFanUITests-frameworks.sh\"\n";
			showEnvVarsInLog = 0;
		};
		7C712435EE9D31B12F996BEC /* [CP] Embed Pods Frameworks */ = {
			isa = PBXShellScriptBuildPhase;
			buildActionMask = 2147483647;
			files = (
			);
			inputFileListPaths = (
				"${PODS_ROOT}/Target Support Files/Pods-TennisFan/Pods-TennisFan-frameworks-${CONFIGURATION}-input-files.xcfilelist",
			);
			name = "[CP] Embed Pods Frameworks";
			outputFileListPaths = (
				"${PODS_ROOT}/Target Support Files/Pods-TennisFan/Pods-TennisFan-frameworks-${CONFIGURATION}-output-files.xcfilelist",
			);
			runOnlyForDeploymentPostprocessing = 0;
			shellPath = /bin/sh;
			shellScript = "\"${PODS_ROOT}/Target Support Files/Pods-TennisFan/Pods-TennisFan-frameworks.sh\"\n";
			showEnvVarsInLog = 0;
		};
		A2283CB5CA155A0DDE77020A /* [CP] Check Pods Manifest.lock */ = {
			isa = PBXShellScriptBuildPhase;
			buildActionMask = 2147483647;
			files = (
			);
			inputFileListPaths = (
			);
			inputPaths = (
				"${PODS_PODFILE_DIR_PATH}/Podfile.lock",
				"${PODS_ROOT}/Manifest.lock",
			);
			name = "[CP] Check Pods Manifest.lock";
			outputFileListPaths = (
			);
			outputPaths = (
				"$(DERIVED_FILE_DIR)/Pods-TennisFan-checkManifestLockResult.txt",
			);
			runOnlyForDeploymentPostprocessing = 0;
			shellPath = /bin/sh;
			shellScript = "diff \"${PODS_PODFILE_DIR_PATH}/Podfile.lock\" \"${PODS_ROOT}/Manifest.lock\" > /dev/null\nif [ $? != 0 ] ; then\n    # print error to STDERR\n    echo \"error: The sandbox is not in sync with the Podfile.lock. Run 'pod install' or update your CocoaPods installation.\" >&2\n    exit 1\nfi\n# This output is used by Xcode 'outputs' to avoid re-running this script phase.\necho \"SUCCESS\" > \"${SCRIPT_OUTPUT_FILE_0}\"\n";
			showEnvVarsInLog = 0;
		};
		D5233ED054F88ECF61FD534E /* [CP] Check Pods Manifest.lock */ = {
			isa = PBXShellScriptBuildPhase;
			buildActionMask = 2147483647;
			files = (
			);
			inputFileListPaths = (
			);
			inputPaths = (
				"${PODS_PODFILE_DIR_PATH}/Podfile.lock",
				"${PODS_ROOT}/Manifest.lock",
			);
			name = "[CP] Check Pods Manifest.lock";
			outputFileListPaths = (
			);
			outputPaths = (
				"$(DERIVED_FILE_DIR)/Pods-TennisFanTests-checkManifestLockResult.txt",
			);
			runOnlyForDeploymentPostprocessing = 0;
			shellPath = /bin/sh;
			shellScript = "diff \"${PODS_PODFILE_DIR_PATH}/Podfile.lock\" \"${PODS_ROOT}/Manifest.lock\" > /dev/null\nif [ $? != 0 ] ; then\n    # print error to STDERR\n    echo \"error: The sandbox is not in sync with the Podfile.lock. Run 'pod install' or update your CocoaPods installation.\" >&2\n    exit 1\nfi\n# This output is used by Xcode 'outputs' to avoid re-running this script phase.\necho \"SUCCESS\" > \"${SCRIPT_OUTPUT_FILE_0}\"\n";
			showEnvVarsInLog = 0;
		};
		EFD4B325132B97FF8DB8E80B /* [CP] Check Pods Manifest.lock */ = {
			isa = PBXShellScriptBuildPhase;
			buildActionMask = 2147483647;
			files = (
			);
			inputFileListPaths = (
			);
			inputPaths = (
				"${PODS_PODFILE_DIR_PATH}/Podfile.lock",
				"${PODS_ROOT}/Manifest.lock",
			);
			name = "[CP] Check Pods Manifest.lock";
			outputFileListPaths = (
			);
			outputPaths = (
				"$(DERIVED_FILE_DIR)/Pods-TennisFan-TennisFanUITests-checkManifestLockResult.txt",
			);
			runOnlyForDeploymentPostprocessing = 0;
			shellPath = /bin/sh;
			shellScript = "diff \"${PODS_PODFILE_DIR_PATH}/Podfile.lock\" \"${PODS_ROOT}/Manifest.lock\" > /dev/null\nif [ $? != 0 ] ; then\n    # print error to STDERR\n    echo \"error: The sandbox is not in sync with the Podfile.lock. Run 'pod install' or update your CocoaPods installation.\" >&2\n    exit 1\nfi\n# This output is used by Xcode 'outputs' to avoid re-running this script phase.\necho \"SUCCESS\" > \"${SCRIPT_OUTPUT_FILE_0}\"\n";
			showEnvVarsInLog = 0;
		};
/* End PBXShellScriptBuildPhase section */

/* Begin PBXSourcesBuildPhase section */
		63BBD5FA29227D8300EFF5CC /* Sources */ = {
			isa = PBXSourcesBuildPhase;
			buildActionMask = 2147483647;
			files = (
				6326A6DC2925111300EAA05F /* EventsViewController.swift in Sources */,
				63FB5A1B294A028D000ECED3 /* RankingsViewModel.swift in Sources */,
				6326A6F1292521DF00EAA05F /* APIManager.swift in Sources */,
				6308512B292CDBAC006042B6 /* UIViewController.swift in Sources */,
				63B15EE1292582D80046A583 /* TennisLiveAPIModel.swift in Sources */,
				63F2B79A2951E37A006913F5 /* Button.swift in Sources */,
				63085130292D014B006042B6 /* ExpandableEventView.swift in Sources */,
				63E7AADB296BF1CC0090E76C /* FavoriteConfiguration.swift in Sources */,
				63F2B79F29520352006913F5 /* FileManager.swift in Sources */,
				63E7AAD4296B30320090E76C /* FavoritesViewController.swift in Sources */,
				634422EF2922BD3F0017A71C /* LoginViewController.swift in Sources */,
				63BBD60629227D8300EFF5CC /* ViewController.swift in Sources */,
				63BBD63229227E9800EFF5CC /* TabbarViewController.swift in Sources */,
				63FB5A19294A0108000ECED3 /* WTARankingsModel.swift in Sources */,
				63BBD60229227D8300EFF5CC /* AppDelegate.swift in Sources */,
				6326A6F3292522E500EAA05F /* EventsViewModel.swift in Sources */,
				63E7AADD296BF1DA0090E76C /* FavoriteContentView.swift in Sources */,
				63E7AAD6296B30650090E76C /* FavoritesViewModel.swift in Sources */,
				6308512E292D013A006042B6 /* ExpandableViewContentConfiguration.swift in Sources */,
				633F7A25294C941F002A1FF4 /* ExpandableRankingsView.swift in Sources */,
				63B47C89293A9881002F244F /* EventsDetailViewController.swift in Sources */,
				63FB5A1D294A0299000ECED3 /* RankingsViewController.swift in Sources */,
				63479244293F45870092AF2C /* DateFormatter.swift in Sources */,
				634422ED2922BD2B0017A71C /* LoginView.swift in Sources */,
				633F7A23294C9410002A1FF4 /* ExpandableRankingsConfiguration.swift in Sources */,
				6326A6D92924A77400EAA05F /* Router.swift in Sources */,
				63BBD60429227D8300EFF5CC /* SceneDelegate.swift in Sources */,
				6326A6F829253D7500EAA05F /* ExpandableEventViewCell.swift in Sources */,
				63B47C8B293A98B4002F244F /* EventDetailView.swift in Sources */,
				63B47C8D293A9F85002F244F /* EventsDetailViewModel.swift in Sources */,
				6326A6D52924A72B00EAA05F /* RootViewController.swift in Sources */,
				638C9F73295F08AE0084820A /* Favorites.swift in Sources */,
				63FB5A172949FBA3000ECED3 /* ATPRankingsModel.swift in Sources */,
				633F7A21294C93E3002A1FF4 /* ExpandableRankingsViewCell.swift in Sources */,
				63479242293F45650092AF2C /* TennisAPIPlayerRankingModel.swift in Sources */,
				63E7AAD9296B47DE0090E76C /* FavoriteCell.swift in Sources */,
				634422F12922BD4E0017A71C /* LoginViewModel.swift in Sources */,
				6326A6D72924A74400EAA05F /* RootViewModal.swift in Sources */,
			);
			runOnlyForDeploymentPostprocessing = 0;
		};
		63BBD61029227D8400EFF5CC /* Sources */ = {
			isa = PBXSourcesBuildPhase;
			buildActionMask = 2147483647;
			files = (
				63BBD61929227D8400EFF5CC /* TennisFanTests.swift in Sources */,
			);
			runOnlyForDeploymentPostprocessing = 0;
		};
		63BBD61A29227D8400EFF5CC /* Sources */ = {
			isa = PBXSourcesBuildPhase;
			buildActionMask = 2147483647;
			files = (
				63BBD62329227D8400EFF5CC /* TennisFanUITests.swift in Sources */,
				63BBD62529227D8400EFF5CC /* TennisFanUITestsLaunchTests.swift in Sources */,
			);
			runOnlyForDeploymentPostprocessing = 0;
		};
/* End PBXSourcesBuildPhase section */

/* Begin PBXTargetDependency section */
		63BBD61629227D8400EFF5CC /* PBXTargetDependency */ = {
			isa = PBXTargetDependency;
			target = 63BBD5FD29227D8300EFF5CC /* TennisFan */;
			targetProxy = 63BBD61529227D8400EFF5CC /* PBXContainerItemProxy */;
		};
		63BBD62029227D8400EFF5CC /* PBXTargetDependency */ = {
			isa = PBXTargetDependency;
			target = 63BBD5FD29227D8300EFF5CC /* TennisFan */;
			targetProxy = 63BBD61F29227D8400EFF5CC /* PBXContainerItemProxy */;
		};
/* End PBXTargetDependency section */

/* Begin PBXVariantGroup section */
		63BBD60C29227D8400EFF5CC /* LaunchScreen.storyboard */ = {
			isa = PBXVariantGroup;
			children = (
				63BBD60D29227D8400EFF5CC /* Base */,
			);
			name = LaunchScreen.storyboard;
			sourceTree = "<group>";
		};
/* End PBXVariantGroup section */

/* Begin XCBuildConfiguration section */
		63BBD62629227D8400EFF5CC /* Debug */ = {
			isa = XCBuildConfiguration;
			buildSettings = {
				ALWAYS_SEARCH_USER_PATHS = NO;
				CLANG_ANALYZER_NONNULL = YES;
				CLANG_ANALYZER_NUMBER_OBJECT_CONVERSION = YES_AGGRESSIVE;
				CLANG_CXX_LANGUAGE_STANDARD = "gnu++20";
				CLANG_ENABLE_MODULES = YES;
				CLANG_ENABLE_OBJC_ARC = YES;
				CLANG_ENABLE_OBJC_WEAK = YES;
				CLANG_WARN_BLOCK_CAPTURE_AUTORELEASING = YES;
				CLANG_WARN_BOOL_CONVERSION = YES;
				CLANG_WARN_COMMA = YES;
				CLANG_WARN_CONSTANT_CONVERSION = YES;
				CLANG_WARN_DEPRECATED_OBJC_IMPLEMENTATIONS = YES;
				CLANG_WARN_DIRECT_OBJC_ISA_USAGE = YES_ERROR;
				CLANG_WARN_DOCUMENTATION_COMMENTS = YES;
				CLANG_WARN_EMPTY_BODY = YES;
				CLANG_WARN_ENUM_CONVERSION = YES;
				CLANG_WARN_INFINITE_RECURSION = YES;
				CLANG_WARN_INT_CONVERSION = YES;
				CLANG_WARN_NON_LITERAL_NULL_CONVERSION = YES;
				CLANG_WARN_OBJC_IMPLICIT_RETAIN_SELF = YES;
				CLANG_WARN_OBJC_LITERAL_CONVERSION = YES;
				CLANG_WARN_OBJC_ROOT_CLASS = YES_ERROR;
				CLANG_WARN_QUOTED_INCLUDE_IN_FRAMEWORK_HEADER = YES;
				CLANG_WARN_RANGE_LOOP_ANALYSIS = YES;
				CLANG_WARN_STRICT_PROTOTYPES = YES;
				CLANG_WARN_SUSPICIOUS_MOVE = YES;
				CLANG_WARN_UNGUARDED_AVAILABILITY = YES_AGGRESSIVE;
				CLANG_WARN_UNREACHABLE_CODE = YES;
				CLANG_WARN__DUPLICATE_METHOD_MATCH = YES;
				COPY_PHASE_STRIP = NO;
				DEBUG_INFORMATION_FORMAT = dwarf;
				ENABLE_STRICT_OBJC_MSGSEND = YES;
				ENABLE_TESTABILITY = YES;
				GCC_C_LANGUAGE_STANDARD = gnu11;
				GCC_DYNAMIC_NO_PIC = NO;
				GCC_NO_COMMON_BLOCKS = YES;
				GCC_OPTIMIZATION_LEVEL = 0;
				GCC_PREPROCESSOR_DEFINITIONS = (
					"DEBUG=1",
					"$(inherited)",
				);
				GCC_WARN_64_TO_32_BIT_CONVERSION = YES;
				GCC_WARN_ABOUT_RETURN_TYPE = YES_ERROR;
				GCC_WARN_UNDECLARED_SELECTOR = YES;
				GCC_WARN_UNINITIALIZED_AUTOS = YES_AGGRESSIVE;
				GCC_WARN_UNUSED_FUNCTION = YES;
				GCC_WARN_UNUSED_VARIABLE = YES;
				IPHONEOS_DEPLOYMENT_TARGET = 16.1;
				MTL_ENABLE_DEBUG_INFO = INCLUDE_SOURCE;
				MTL_FAST_MATH = YES;
				ONLY_ACTIVE_ARCH = YES;
				SDKROOT = iphoneos;
				SWIFT_ACTIVE_COMPILATION_CONDITIONS = DEBUG;
				SWIFT_OPTIMIZATION_LEVEL = "-Onone";
			};
			name = Debug;
		};
		63BBD62729227D8400EFF5CC /* Release */ = {
			isa = XCBuildConfiguration;
			buildSettings = {
				ALWAYS_SEARCH_USER_PATHS = NO;
				CLANG_ANALYZER_NONNULL = YES;
				CLANG_ANALYZER_NUMBER_OBJECT_CONVERSION = YES_AGGRESSIVE;
				CLANG_CXX_LANGUAGE_STANDARD = "gnu++20";
				CLANG_ENABLE_MODULES = YES;
				CLANG_ENABLE_OBJC_ARC = YES;
				CLANG_ENABLE_OBJC_WEAK = YES;
				CLANG_WARN_BLOCK_CAPTURE_AUTORELEASING = YES;
				CLANG_WARN_BOOL_CONVERSION = YES;
				CLANG_WARN_COMMA = YES;
				CLANG_WARN_CONSTANT_CONVERSION = YES;
				CLANG_WARN_DEPRECATED_OBJC_IMPLEMENTATIONS = YES;
				CLANG_WARN_DIRECT_OBJC_ISA_USAGE = YES_ERROR;
				CLANG_WARN_DOCUMENTATION_COMMENTS = YES;
				CLANG_WARN_EMPTY_BODY = YES;
				CLANG_WARN_ENUM_CONVERSION = YES;
				CLANG_WARN_INFINITE_RECURSION = YES;
				CLANG_WARN_INT_CONVERSION = YES;
				CLANG_WARN_NON_LITERAL_NULL_CONVERSION = YES;
				CLANG_WARN_OBJC_IMPLICIT_RETAIN_SELF = YES;
				CLANG_WARN_OBJC_LITERAL_CONVERSION = YES;
				CLANG_WARN_OBJC_ROOT_CLASS = YES_ERROR;
				CLANG_WARN_QUOTED_INCLUDE_IN_FRAMEWORK_HEADER = YES;
				CLANG_WARN_RANGE_LOOP_ANALYSIS = YES;
				CLANG_WARN_STRICT_PROTOTYPES = YES;
				CLANG_WARN_SUSPICIOUS_MOVE = YES;
				CLANG_WARN_UNGUARDED_AVAILABILITY = YES_AGGRESSIVE;
				CLANG_WARN_UNREACHABLE_CODE = YES;
				CLANG_WARN__DUPLICATE_METHOD_MATCH = YES;
				COPY_PHASE_STRIP = NO;
				DEBUG_INFORMATION_FORMAT = "dwarf-with-dsym";
				ENABLE_NS_ASSERTIONS = NO;
				ENABLE_STRICT_OBJC_MSGSEND = YES;
				GCC_C_LANGUAGE_STANDARD = gnu11;
				GCC_NO_COMMON_BLOCKS = YES;
				GCC_WARN_64_TO_32_BIT_CONVERSION = YES;
				GCC_WARN_ABOUT_RETURN_TYPE = YES_ERROR;
				GCC_WARN_UNDECLARED_SELECTOR = YES;
				GCC_WARN_UNINITIALIZED_AUTOS = YES_AGGRESSIVE;
				GCC_WARN_UNUSED_FUNCTION = YES;
				GCC_WARN_UNUSED_VARIABLE = YES;
				IPHONEOS_DEPLOYMENT_TARGET = 16.1;
				MTL_ENABLE_DEBUG_INFO = NO;
				MTL_FAST_MATH = YES;
				SDKROOT = iphoneos;
				SWIFT_COMPILATION_MODE = wholemodule;
				SWIFT_OPTIMIZATION_LEVEL = "-O";
				VALIDATE_PRODUCT = YES;
			};
			name = Release;
		};
		63BBD62929227D8400EFF5CC /* Debug */ = {
			isa = XCBuildConfiguration;
			baseConfigurationReference = 9E676BF8FBDCFED9AD60BA1D /* Pods-TennisFan.debug.xcconfig */;
			buildSettings = {
				ASSETCATALOG_COMPILER_APPICON_NAME = AppIcon;
				ASSETCATALOG_COMPILER_GLOBAL_ACCENT_COLOR_NAME = AccentColor;
				CODE_SIGN_STYLE = Automatic;
				CURRENT_PROJECT_VERSION = 1;
				DEVELOPMENT_TEAM = DZKQDMND74;
				GENERATE_INFOPLIST_FILE = YES;
				INFOPLIST_FILE = TennisFan/Info.plist;
				INFOPLIST_KEY_UIApplicationSupportsIndirectInputEvents = YES;
				INFOPLIST_KEY_UILaunchStoryboardName = LaunchScreen.storyboard;
				INFOPLIST_KEY_UISupportedInterfaceOrientations = UIInterfaceOrientationPortrait;
				IPHONEOS_DEPLOYMENT_TARGET = 14.0;
				LD_RUNPATH_SEARCH_PATHS = (
					"$(inherited)",
					"@executable_path/Frameworks",
				);
				MARKETING_VERSION = 1.0;
				PRODUCT_BUNDLE_IDENTIFIER = com.keskin.TennisFan;
				PRODUCT_NAME = "$(TARGET_NAME)";
				SWIFT_EMIT_LOC_STRINGS = YES;
				SWIFT_VERSION = 5.0;
				TARGETED_DEVICE_FAMILY = "1,2";
			};
			name = Debug;
		};
		63BBD62A29227D8400EFF5CC /* Release */ = {
			isa = XCBuildConfiguration;
			baseConfigurationReference = A7867547A9E9E46FB0058729 /* Pods-TennisFan.release.xcconfig */;
			buildSettings = {
				ASSETCATALOG_COMPILER_APPICON_NAME = AppIcon;
				ASSETCATALOG_COMPILER_GLOBAL_ACCENT_COLOR_NAME = AccentColor;
				CODE_SIGN_STYLE = Automatic;
				CURRENT_PROJECT_VERSION = 1;
				DEVELOPMENT_TEAM = DZKQDMND74;
				GENERATE_INFOPLIST_FILE = YES;
				INFOPLIST_FILE = TennisFan/Info.plist;
				INFOPLIST_KEY_UIApplicationSupportsIndirectInputEvents = YES;
				INFOPLIST_KEY_UILaunchStoryboardName = LaunchScreen.storyboard;
				INFOPLIST_KEY_UISupportedInterfaceOrientations = UIInterfaceOrientationPortrait;
				IPHONEOS_DEPLOYMENT_TARGET = 14.0;
				LD_RUNPATH_SEARCH_PATHS = (
					"$(inherited)",
					"@executable_path/Frameworks",
				);
				MARKETING_VERSION = 1.0;
				PRODUCT_BUNDLE_IDENTIFIER = com.keskin.TennisFan;
				PRODUCT_NAME = "$(TARGET_NAME)";
				SWIFT_EMIT_LOC_STRINGS = YES;
				SWIFT_VERSION = 5.0;
				TARGETED_DEVICE_FAMILY = "1,2";
			};
			name = Release;
		};
		63BBD62C29227D8400EFF5CC /* Debug */ = {
			isa = XCBuildConfiguration;
			baseConfigurationReference = 522429D588D93AF26A4F6189 /* Pods-TennisFanTests.debug.xcconfig */;
			buildSettings = {
				ALWAYS_EMBED_SWIFT_STANDARD_LIBRARIES = YES;
				BUNDLE_LOADER = "$(TEST_HOST)";
				CODE_SIGN_STYLE = Automatic;
				CURRENT_PROJECT_VERSION = 1;
				DEVELOPMENT_TEAM = DZKQDMND74;
				GENERATE_INFOPLIST_FILE = YES;
				IPHONEOS_DEPLOYMENT_TARGET = 16.1;
				MARKETING_VERSION = 1.0;
				PRODUCT_BUNDLE_IDENTIFIER = com.keskin.TennisFanTests;
				PRODUCT_NAME = "$(TARGET_NAME)";
				SWIFT_EMIT_LOC_STRINGS = NO;
				SWIFT_VERSION = 5.0;
				TARGETED_DEVICE_FAMILY = "1,2";
				TEST_HOST = "$(BUILT_PRODUCTS_DIR)/TennisFan.app/$(BUNDLE_EXECUTABLE_FOLDER_PATH)/TennisFan";
			};
			name = Debug;
		};
		63BBD62D29227D8400EFF5CC /* Release */ = {
			isa = XCBuildConfiguration;
			baseConfigurationReference = EBEB4A11F35005FBB15D1BAF /* Pods-TennisFanTests.release.xcconfig */;
			buildSettings = {
				ALWAYS_EMBED_SWIFT_STANDARD_LIBRARIES = YES;
				BUNDLE_LOADER = "$(TEST_HOST)";
				CODE_SIGN_STYLE = Automatic;
				CURRENT_PROJECT_VERSION = 1;
				DEVELOPMENT_TEAM = DZKQDMND74;
				GENERATE_INFOPLIST_FILE = YES;
				IPHONEOS_DEPLOYMENT_TARGET = 16.1;
				MARKETING_VERSION = 1.0;
				PRODUCT_BUNDLE_IDENTIFIER = com.keskin.TennisFanTests;
				PRODUCT_NAME = "$(TARGET_NAME)";
				SWIFT_EMIT_LOC_STRINGS = NO;
				SWIFT_VERSION = 5.0;
				TARGETED_DEVICE_FAMILY = "1,2";
				TEST_HOST = "$(BUILT_PRODUCTS_DIR)/TennisFan.app/$(BUNDLE_EXECUTABLE_FOLDER_PATH)/TennisFan";
			};
			name = Release;
		};
		63BBD62F29227D8400EFF5CC /* Debug */ = {
			isa = XCBuildConfiguration;
			baseConfigurationReference = 18E55151BC47127C63997F36 /* Pods-TennisFan-TennisFanUITests.debug.xcconfig */;
			buildSettings = {
				ALWAYS_EMBED_SWIFT_STANDARD_LIBRARIES = YES;
				CODE_SIGN_STYLE = Automatic;
				CURRENT_PROJECT_VERSION = 1;
				DEVELOPMENT_TEAM = DZKQDMND74;
				GENERATE_INFOPLIST_FILE = YES;
				MARKETING_VERSION = 1.0;
				PRODUCT_BUNDLE_IDENTIFIER = com.keskin.TennisFanUITests;
				PRODUCT_NAME = "$(TARGET_NAME)";
				SWIFT_EMIT_LOC_STRINGS = NO;
				SWIFT_VERSION = 5.0;
				TARGETED_DEVICE_FAMILY = "1,2";
				TEST_TARGET_NAME = TennisFan;
			};
			name = Debug;
		};
		63BBD63029227D8400EFF5CC /* Release */ = {
			isa = XCBuildConfiguration;
			baseConfigurationReference = 2446E8E8600D3ED43A7156DE /* Pods-TennisFan-TennisFanUITests.release.xcconfig */;
			buildSettings = {
				ALWAYS_EMBED_SWIFT_STANDARD_LIBRARIES = YES;
				CODE_SIGN_STYLE = Automatic;
				CURRENT_PROJECT_VERSION = 1;
				DEVELOPMENT_TEAM = DZKQDMND74;
				GENERATE_INFOPLIST_FILE = YES;
				MARKETING_VERSION = 1.0;
				PRODUCT_BUNDLE_IDENTIFIER = com.keskin.TennisFanUITests;
				PRODUCT_NAME = "$(TARGET_NAME)";
				SWIFT_EMIT_LOC_STRINGS = NO;
				SWIFT_VERSION = 5.0;
				TARGETED_DEVICE_FAMILY = "1,2";
				TEST_TARGET_NAME = TennisFan;
			};
			name = Release;
		};
/* End XCBuildConfiguration section */

/* Begin XCConfigurationList section */
		63BBD5F929227D8300EFF5CC /* Build configuration list for PBXProject "TennisFan" */ = {
			isa = XCConfigurationList;
			buildConfigurations = (
				63BBD62629227D8400EFF5CC /* Debug */,
				63BBD62729227D8400EFF5CC /* Release */,
			);
			defaultConfigurationIsVisible = 0;
			defaultConfigurationName = Release;
		};
		63BBD62829227D8400EFF5CC /* Build configuration list for PBXNativeTarget "TennisFan" */ = {
			isa = XCConfigurationList;
			buildConfigurations = (
				63BBD62929227D8400EFF5CC /* Debug */,
				63BBD62A29227D8400EFF5CC /* Release */,
			);
			defaultConfigurationIsVisible = 0;
			defaultConfigurationName = Release;
		};
		63BBD62B29227D8400EFF5CC /* Build configuration list for PBXNativeTarget "TennisFanTests" */ = {
			isa = XCConfigurationList;
			buildConfigurations = (
				63BBD62C29227D8400EFF5CC /* Debug */,
				63BBD62D29227D8400EFF5CC /* Release */,
			);
			defaultConfigurationIsVisible = 0;
			defaultConfigurationName = Release;
		};
		63BBD62E29227D8400EFF5CC /* Build configuration list for PBXNativeTarget "TennisFanUITests" */ = {
			isa = XCConfigurationList;
			buildConfigurations = (
				63BBD62F29227D8400EFF5CC /* Debug */,
				63BBD63029227D8400EFF5CC /* Release */,
			);
			defaultConfigurationIsVisible = 0;
			defaultConfigurationName = Release;
		};
/* End XCConfigurationList section */

/* Begin XCRemoteSwiftPackageReference section */
		634422D2292281DF0017A71C /* XCRemoteSwiftPackageReference "Alamofire" */ = {
			isa = XCRemoteSwiftPackageReference;
			repositoryURL = "https://github.com/Alamofire/Alamofire";
			requirement = {
				kind = upToNextMajorVersion;
				minimumVersion = 5.0.0;
			};
		};
		634422D5292281F50017A71C /* XCRemoteSwiftPackageReference "Kingfisher" */ = {
			isa = XCRemoteSwiftPackageReference;
			repositoryURL = "https://github.com/onevcat/Kingfisher";
			requirement = {
				kind = upToNextMajorVersion;
				minimumVersion = 7.0.0;
			};
		};
		639F741A2965CA380093225E /* XCRemoteSwiftPackageReference "firebase-ios-sdk" */ = {
			isa = XCRemoteSwiftPackageReference;
			repositoryURL = "https://github.com/firebase/firebase-ios-sdk";
			requirement = {
				kind = upToNextMajorVersion;
				minimumVersion = 10.0.0;
			};
		};
		63BF55E02951AE8F0030F33E /* XCRemoteSwiftPackageReference "SwiftFlags" */ = {
			isa = XCRemoteSwiftPackageReference;
			repositoryURL = "https://github.com/andreabusi/SwiftFlags";
			requirement = {
				kind = upToNextMajorVersion;
				minimumVersion = 1.0.0;
			};
		};
/* End XCRemoteSwiftPackageReference section */

/* Begin XCSwiftPackageProductDependency section */
		634422D3292281DF0017A71C /* Alamofire */ = {
			isa = XCSwiftPackageProductDependency;
			package = 634422D2292281DF0017A71C /* XCRemoteSwiftPackageReference "Alamofire" */;
			productName = Alamofire;
		};
		634422D6292281F50017A71C /* Kingfisher */ = {
			isa = XCSwiftPackageProductDependency;
			package = 634422D5292281F50017A71C /* XCRemoteSwiftPackageReference "Kingfisher" */;
			productName = Kingfisher;
		};
		639F741B2965CA380093225E /* FirebaseAuth */ = {
			isa = XCSwiftPackageProductDependency;
			package = 639F741A2965CA380093225E /* XCRemoteSwiftPackageReference "firebase-ios-sdk" */;
			productName = FirebaseAuth;
		};
		639F741D2965CA380093225E /* FirebaseFirestore */ = {
			isa = XCSwiftPackageProductDependency;
			package = 639F741A2965CA380093225E /* XCRemoteSwiftPackageReference "firebase-ios-sdk" */;
			productName = FirebaseFirestore;
		};
		63BF55E12951AE900030F33E /* SwiftFlags */ = {
			isa = XCSwiftPackageProductDependency;
			package = 63BF55E02951AE8F0030F33E /* XCRemoteSwiftPackageReference "SwiftFlags" */;
			productName = SwiftFlags;
		};
/* End XCSwiftPackageProductDependency section */
	};
	rootObject = 63BBD5F629227D8300EFF5CC /* Project object */;
}
